
Microsoft Visual Studio Solution File, Format Version 12.00
# Visual Studio Version 17
VisualStudioVersion = 17.9.34607.119
MinimumVisualStudioVersion = 10.0.40219.1
Project("{9A19103F-16F7-4668-BE54-9A1E7A4F7556}") = "StrategySample", "StrategySample\StrategySample.csproj", "{A106ABD1-F1B0-48B1-8574-A30C89A91547}"
EndProject
Project("{9A19103F-16F7-4668-BE54-9A1E7A4F7556}") = "ObseverPattern", "ObseverPattern\ObseverPattern.csproj", "{226AFD95-5DF1-4845-8DCA-9A01CD26BF88}"
EndProject
Project("{9A19103F-16F7-4668-BE54-9A1E7A4F7556}") = "DecoratorPattern", "DecoratorPattern\DecoratorPattern.csproj", "{7274272E-F7BD-4802-9A52-84203B2851DE}"
EndProject
Project("{FAE04EC0-301F-11D3-BF4B-00C04F79EFBC}") = "BridgePattern", "BridgePattern\BridgePattern.csproj", "{5C8CC83C-C88D-44BF-874A-71AA38F455A1}"
EndProject
Global
	GlobalSection(SolutionConfigurationPlatforms) = preSolution
		Debug|Any CPU = Debug|Any CPU
		Release|Any CPU = Release|Any CPU
	EndGlobalSection
	GlobalSection(ProjectConfigurationPlatforms) = postSolution
		{A106ABD1-F1B0-48B1-8574-A30C89A91547}.Debug|Any CPU.ActiveCfg = Debug|Any CPU
		{A106ABD1-F1B0-48B1-8574-A30C89A91547}.Debug|Any CPU.Build.0 = Debug|Any CPU
		{A106ABD1-F1B0-48B1-8574-A30C89A91547}.Release|Any CPU.ActiveCfg = Release|Any CPU
		{A106ABD1-F1B0-48B1-8574-A30C89A91547}.Release|Any CPU.Build.0 = Release|Any CPU
		{226AFD95-5DF1-4845-8DCA-9A01CD26BF88}.Debug|Any CPU.ActiveCfg = Debug|Any CPU
		{226AFD95-5DF1-4845-8DCA-9A01CD26BF88}.Debug|Any CPU.Build.0 = Debug|Any CPU
		{226AFD95-5DF1-4845-8DCA-9A01CD26BF88}.Release|Any CPU.ActiveCfg = Release|Any CPU
		{226AFD95-5DF1-4845-8DCA-9A01CD26BF88}.Release|Any CPU.Build.0 = Release|Any CPU
		{7274272E-F7BD-4802-9A52-84203B2851DE}.Debug|Any CPU.ActiveCfg = Debug|Any CPU
		{7274272E-F7BD-4802-9A52-84203B2851DE}.Debug|Any CPU.Build.0 = Debug|Any CPU
		{7274272E-F7BD-4802-9A52-84203B2851DE}.Release|Any CPU.ActiveCfg = Release|Any CPU
		{7274272E-F7BD-4802-9A52-84203B2851DE}.Release|Any CPU.Build.0 = Release|Any CPU
		{5C8CC83C-C88D-44BF-874A-71AA38F455A1}.Debug|Any CPU.ActiveCfg = Debug|Any CPU
		{5C8CC83C-C88D-44BF-874A-71AA38F455A1}.Debug|Any CPU.Build.0 = Debug|Any CPU
		{5C8CC83C-C88D-44BF-874A-71AA38F455A1}.Release|Any CPU.ActiveCfg = Release|Any CPU
		{5C8CC83C-C88D-44BF-874A-71AA38F455A1}.Release|Any CPU.Build.0 = Release|Any CPU
	EndGlobalSection
	GlobalSection(SolutionProperties) = preSolution
		HideSolutionNode = FALSE
	EndGlobalSection
	GlobalSection(ExtensibilityGlobals) = postSolution
		SolutionGuid = {2507DE1C-840D-4378-95B8-14CEE0EA7B60}
	EndGlobalSection
EndGlobal
